
Microsoft Visual Studio Solution File, Format Version 12.00
# Visual Studio Version 17
VisualStudioVersion = 17.0.32112.339
MinimumVisualStudioVersion = 10.0.40219.1
Project("{FAE04EC0-301F-11D3-BF4B-00C04F79EFBC}") = "CadastroDeJogos", "CadastroDeJogos\CadastroDeJogos.csproj", "{0405E748-837D-491B-96EF-01FB2E854C99}"
EndProject
Project("{2150E333-8FDC-42A3-9474-1A3956D46DE8}") = "Solution Items", "Solution Items", "{8EA13C9B-64AB-4A98-892B-8CB3BE28DDA9}"
	ProjectSection(SolutionItems) = preProject
		Readme.md = Readme.md
	EndProjectSection
EndProject
Global
	GlobalSection(SolutionConfigurationPlatforms) = preSolution
		Debug|Any CPU = Debug|Any CPU
		Release|Any CPU = Release|Any CPU
	EndGlobalSection
	GlobalSection(ProjectConfigurationPlatforms) = postSolution
		{0405E748-837D-491B-96EF-01FB2E854C99}.Debug|Any CPU.ActiveCfg = Debug|Any CPU
		{0405E748-837D-491B-96EF-01FB2E854C99}.Debug|Any CPU.Build.0 = Debug|Any CPU
		{0405E748-837D-491B-96EF-01FB2E854C99}.Release|Any CPU.ActiveCfg = Release|Any CPU
		{0405E748-837D-491B-96EF-01FB2E854C99}.Release|Any CPU.Build.0 = Release|Any CPU
	EndGlobalSection
	GlobalSection(SolutionProperties) = preSolution
		HideSolutionNode = FALSE
	EndGlobalSection
	GlobalSection(ExtensibilityGlobals) = postSolution
		SolutionGuid = {6932DB86-00D8-4707-BC86-3EA9BD613859}
	EndGlobalSection
EndGlobal
